// !$*UTF8*$!
{
	archiveVersion = 1;
	classes = {
	};
	objectVersion = 46;
	objects = {

/* Begin PBXBuildFile section */
		B9EFCD1D1E14C13700961B97 /* main.m in Sources */ = {isa = PBXBuildFile; fileRef = B9EFCD1C1E14C13700961B97 /* main.m */; };
		B9EFCD201E14C13700961B97 /* AppDelegate.m in Sources */ = {isa = PBXBuildFile; fileRef = B9EFCD1F1E14C13700961B97 /* AppDelegate.m */; };
		B9EFCD231E14C13700961B97 /* ViewController.m in Sources */ = {isa = PBXBuildFile; fileRef = B9EFCD221E14C13700961B97 /* ViewController.m */; };
		B9EFCD261E14C13700961B97 /* Main.storyboard in Resources */ = {isa = PBXBuildFile; fileRef = B9EFCD241E14C13700961B97 /* Main.storyboard */; };
		B9EFCD281E14C13700961B97 /* Assets.xcassets in Resources */ = {isa = PBXBuildFile; fileRef = B9EFCD271E14C13700961B97 /* Assets.xcassets */; };
		B9EFCD2B1E14C13700961B97 /* LaunchScreen.storyboard in Resources */ = {isa = PBXBuildFile; fileRef = B9EFCD291E14C13700961B97 /* LaunchScreen.storyboard */; };
		B9EFCD361E14C13700961B97 /* HUMiooDropdownMenuTests.m in Sources */ = {isa = PBXBuildFile; fileRef = B9EFCD351E14C13700961B97 /* HUMiooDropdownMenuTests.m */; };
		B9EFCD411E14C13700961B97 /* HUMiooDropdownMenuUITests.m in Sources */ = {isa = PBXBuildFile; fileRef = B9EFCD401E14C13700961B97 /* HUMiooDropdownMenuUITests.m */; };
		B9EFCD591E14C14300961B97 /* HUMarrowRight_btn_normal@2x.png in Resources */ = {isa = PBXBuildFile; fileRef = B9EFCD4F1E14C14300961B97 /* HUMarrowRight_btn_normal@2x.png */; };
		B9EFCD5A1E14C14300961B97 /* HUMarrowRight_btn_normal@3x.png in Resources */ = {isa = PBXBuildFile; fileRef = B9EFCD501E14C14300961B97 /* HUMarrowRight_btn_normal@3x.png */; };
		B9EFCD5B1E14C14300961B97 /* HUMiooDropdownMenu.m in Sources */ = {isa = PBXBuildFile; fileRef = B9EFCD521E14C14300961B97 /* HUMiooDropdownMenu.m */; };
		B9EFCD5C1E14C14300961B97 /* HUMiooFirstTableViewCell.m in Sources */ = {isa = PBXBuildFile; fileRef = B9EFCD541E14C14300961B97 /* HUMiooFirstTableViewCell.m */; };
		B9EFCD5D1E14C14300961B97 /* HUMSmallTriangle_btn_normal@2x.png in Resources */ = {isa = PBXBuildFile; fileRef = B9EFCD551E14C14300961B97 /* HUMSmallTriangle_btn_normal@2x.png */; };
		B9EFCD5E1E14C14300961B97 /* HUMSmallTriangle_btn_normal@3x.png in Resources */ = {isa = PBXBuildFile; fileRef = B9EFCD561E14C14300961B97 /* HUMSmallTriangle_btn_normal@3x.png */; };
		B9EFCD5F1E14C14300961B97 /* HUMSmallTriangle_btn_Selected@2x.png in Resources */ = {isa = PBXBuildFile; fileRef = B9EFCD571E14C14300961B97 /* HUMSmallTriangle_btn_Selected@2x.png */; };
		B9EFCD601E14C14300961B97 /* HUMSmallTriangle_btn_Selected@3x.png in Resources */ = {isa = PBXBuildFile; fileRef = B9EFCD581E14C14300961B97 /* HUMSmallTriangle_btn_Selected@3x.png */; };
/* End PBXBuildFile section */

/* Begin PBXContainerItemProxy section */
		B9EFCD321E14C13700961B97 /* PBXContainerItemProxy */ = {
			isa = PBXContainerItemProxy;
			containerPortal = B9EFCD101E14C13700961B97 /* Project object */;
			proxyType = 1;
			remoteGlobalIDString = B9EFCD171E14C13700961B97;
			remoteInfo = HUMiooDropdownMenu;
		};
		B9EFCD3D1E14C13700961B97 /* PBXContainerItemProxy */ = {
			isa = PBXContainerItemProxy;
			containerPortal = B9EFCD101E14C13700961B97 /* Project object */;
			proxyType = 1;
			remoteGlobalIDString = B9EFCD171E14C13700961B97;
			remoteInfo = HUMiooDropdownMenu;
		};
/* End PBXContainerItemProxy section */

/* Begin PBXFileReference section */
		B9EFCD181E14C13700961B97 /* HUMiooDropdownMenu.app */ = {isa = PBXFileReference; explicitFileType = wrapper.application; includeInIndex = 0; path = HUMiooDropdownMenu.app; sourceTree = BUILT_PRODUCTS_DIR; };
		B9EFCD1C1E14C13700961B97 /* main.m */ = {isa = PBXFileReference; lastKnownFileType = sourcecode.c.objc; path = main.m; sourceTree = "<group>"; };
		B9EFCD1E1E14C13700961B97 /* AppDelegate.h */ = {isa = PBXFileReference; lastKnownFileType = sourcecode.c.h; path = AppDelegate.h; sourceTree = "<group>"; };
		B9EFCD1F1E14C13700961B97 /* AppDelegate.m */ = {isa = PBXFileReference; lastKnownFileType = sourcecode.c.objc; path = AppDelegate.m; sourceTree = "<group>"; };
		B9EFCD211E14C13700961B97 /* ViewController.h */ = {isa = PBXFileReference; lastKnownFileType = sourcecode.c.h; path = ViewController.h; sourceTree = "<group>"; };
		B9EFCD221E14C13700961B97 /* ViewController.m */ = {isa = PBXFileReference; lastKnownFileType = sourcecode.c.objc; path = ViewController.m; sourceTree = "<group>"; };
		B9EFCD251E14C13700961B97 /* Base */ = {isa = PBXFileReference; lastKnownFileType = file.storyboard; name = Base; path = Base.lproj/Main.storyboard; sourceTree = "<group>"; };
		B9EFCD271E14C13700961B97 /* Assets.xcassets */ = {isa = PBXFileReference; lastKnownFileType = folder.assetcatalog; path = Assets.xcassets; sourceTree = "<group>"; };
		B9EFCD2A1E14C13700961B97 /* Base */ = {isa = PBXFileReference; lastKnownFileType = file.storyboard; name = Base; path = Base.lproj/LaunchScreen.storyboard; sourceTree = "<group>"; };
		B9EFCD2C1E14C13700961B97 /* Info.plist */ = {isa = PBXFileReference; lastKnownFileType = text.plist.xml; path = Info.plist; sourceTree = "<group>"; };
		B9EFCD311E14C13700961B97 /* HUMiooDropdownMenuTests.xctest */ = {isa = PBXFileReference; explicitFileType = wrapper.cfbundle; includeInIndex = 0; path = HUMiooDropdownMenuTests.xctest; sourceTree = BUILT_PRODUCTS_DIR; };
		B9EFCD351E14C13700961B97 /* HUMiooDropdownMenuTests.m */ = {isa = PBXFileReference; lastKnownFileType = sourcecode.c.objc; path = HUMiooDropdownMenuTests.m; sourceTree = "<group>"; };
		B9EFCD371E14C13700961B97 /* Info.plist */ = {isa = PBXFileReference; lastKnownFileType = text.plist.xml; path = Info.plist; sourceTree = "<group>"; };
		B9EFCD3C1E14C13700961B97 /* HUMiooDropdownMenuUITests.xctest */ = {isa = PBXFileReference; explicitFileType = wrapper.cfbundle; includeInIndex = 0; path = HUMiooDropdownMenuUITests.xctest; sourceTree = BUILT_PRODUCTS_DIR; };
		B9EFCD401E14C13700961B97 /* HUMiooDropdownMenuUITests.m */ = {isa = PBXFileReference; lastKnownFileType = sourcecode.c.objc; path = HUMiooDropdownMenuUITests.m; sourceTree = "<group>"; };
		B9EFCD421E14C13700961B97 /* Info.plist */ = {isa = PBXFileReference; lastKnownFileType = text.plist.xml; path = Info.plist; sourceTree = "<group>"; };
		B9EFCD4F1E14C14300961B97 /* HUMarrowRight_btn_normal@2x.png */ = {isa = PBXFileReference; lastKnownFileType = image.png; path = "HUMarrowRight_btn_normal@2x.png"; sourceTree = "<group>"; };
		B9EFCD501E14C14300961B97 /* HUMarrowRight_btn_normal@3x.png */ = {isa = PBXFileReference; lastKnownFileType = image.png; path = "HUMarrowRight_btn_normal@3x.png"; sourceTree = "<group>"; };
		B9EFCD511E14C14300961B97 /* HUMiooDropdownMenu.h */ = {isa = PBXFileReference; fileEncoding = 4; lastKnownFileType = sourcecode.c.h; path = HUMiooDropdownMenu.h; sourceTree = "<group>"; };
		B9EFCD521E14C14300961B97 /* HUMiooDropdownMenu.m */ = {isa = PBXFileReference; fileEncoding = 4; lastKnownFileType = sourcecode.c.objc; path = HUMiooDropdownMenu.m; sourceTree = "<group>"; };
		B9EFCD531E14C14300961B97 /* HUMiooFirstTableViewCell.h */ = {isa = PBXFileReference; fileEncoding = 4; lastKnownFileType = sourcecode.c.h; path = HUMiooFirstTableViewCell.h; sourceTree = "<group>"; };
		B9EFCD541E14C14300961B97 /* HUMiooFirstTableViewCell.m */ = {isa = PBXFileReference; fileEncoding = 4; lastKnownFileType = sourcecode.c.objc; path = HUMiooFirstTableViewCell.m; sourceTree = "<group>"; };
		B9EFCD551E14C14300961B97 /* HUMSmallTriangle_btn_normal@2x.png */ = {isa = PBXFileReference; lastKnownFileType = image.png; path = "HUMSmallTriangle_btn_normal@2x.png"; sourceTree = "<group>"; };
		B9EFCD561E14C14300961B97 /* HUMSmallTriangle_btn_normal@3x.png */ = {isa = PBXFileReference; lastKnownFileType = image.png; path = "HUMSmallTriangle_btn_normal@3x.png"; sourceTree = "<group>"; };
		B9EFCD571E14C14300961B97 /* HUMSmallTriangle_btn_Selected@2x.png */ = {isa = PBXFileReference; lastKnownFileType = image.png; path = "HUMSmallTriangle_btn_Selected@2x.png"; sourceTree = "<group>"; };
		B9EFCD581E14C14300961B97 /* HUMSmallTriangle_btn_Selected@3x.png */ = {isa = PBXFileReference; lastKnownFileType = image.png; path = "HUMSmallTriangle_btn_Selected@3x.png"; sourceTree = "<group>"; };
/* End PBXFileReference section */

/* Begin PBXFrameworksBuildPhase section */
		B9EFCD151E14C13700961B97 /* Frameworks */ = {
			isa = PBXFrameworksBuildPhase;
			buildActionMask = 2147483647;
			files = (
			);
			runOnlyForDeploymentPostprocessing = 0;
		};
		B9EFCD2E1E14C13700961B97 /* Frameworks */ = {
			isa = PBXFrameworksBuildPhase;
			buildActionMask = 2147483647;
			files = (
			);
			runOnlyForDeploymentPostprocessing = 0;
		};
		B9EFCD391E14C13700961B97 /* Frameworks */ = {
			isa = PBXFrameworksBuildPhase;
			buildActionMask = 2147483647;
			files = (
			);
			runOnlyForDeploymentPostprocessing = 0;
		};
/* End PBXFrameworksBuildPhase section */

/* Begin PBXGroup section */
		B9EFCD0F1E14C13700961B97 = {
			isa = PBXGroup;
			children = (
				B9EFCD1A1E14C13700961B97 /* HUMiooDropdownMenu */,
				B9EFCD341E14C13700961B97 /* HUMiooDropdownMenuTests */,
				B9EFCD3F1E14C13700961B97 /* HUMiooDropdownMenuUITests */,
				B9EFCD191E14C13700961B97 /* Products */,
			);
			sourceTree = "<group>";
		};
		B9EFCD191E14C13700961B97 /* Products */ = {
			isa = PBXGroup;
			children = (
				B9EFCD181E14C13700961B97 /* HUMiooDropdownMenu.app */,
				B9EFCD311E14C13700961B97 /* HUMiooDropdownMenuTests.xctest */,
				B9EFCD3C1E14C13700961B97 /* HUMiooDropdownMenuUITests.xctest */,
			);
			name = Products;
			sourceTree = "<group>";
		};
		B9EFCD1A1E14C13700961B97 /* HUMiooDropdownMenu */ = {
			isa = PBXGroup;
			children = (
				B9EFCD1E1E14C13700961B97 /* AppDelegate.h */,
				B9EFCD1F1E14C13700961B97 /* AppDelegate.m */,
				B9EFCD211E14C13700961B97 /* ViewController.h */,
				B9EFCD221E14C13700961B97 /* ViewController.m */,
				B9EFCD4E1E14C14300961B97 /* HUMiooDropdownMenu */,
				B9EFCD241E14C13700961B97 /* Main.storyboard */,
				B9EFCD271E14C13700961B97 /* Assets.xcassets */,
				B9EFCD291E14C13700961B97 /* LaunchScreen.storyboard */,
				B9EFCD2C1E14C13700961B97 /* Info.plist */,
				B9EFCD1B1E14C13700961B97 /* Supporting Files */,
			);
			path = HUMiooDropdownMenu;
			sourceTree = "<group>";
		};
		B9EFCD1B1E14C13700961B97 /* Supporting Files */ = {
			isa = PBXGroup;
			children = (
				B9EFCD1C1E14C13700961B97 /* main.m */,
			);
			name = "Supporting Files";
			sourceTree = "<group>";
		};
		B9EFCD341E14C13700961B97 /* HUMiooDropdownMenuTests */ = {
			isa = PBXGroup;
			children = (
				B9EFCD351E14C13700961B97 /* HUMiooDropdownMenuTests.m */,
				B9EFCD371E14C13700961B97 /* Info.plist */,
			);
			path = HUMiooDropdownMenuTests;
			sourceTree = "<group>";
		};
		B9EFCD3F1E14C13700961B97 /* HUMiooDropdownMenuUITests */ = {
			isa = PBXGroup;
			children = (
				B9EFCD401E14C13700961B97 /* HUMiooDropdownMenuUITests.m */,
				B9EFCD421E14C13700961B97 /* Info.plist */,
			);
			path = HUMiooDropdownMenuUITests;
			sourceTree = "<group>";
		};
		B9EFCD4E1E14C14300961B97 /* HUMiooDropdownMenu */ = {
			isa = PBXGroup;
			children = (
				B9EFCD511E14C14300961B97 /* HUMiooDropdownMenu.h */,
				B9EFCD521E14C14300961B97 /* HUMiooDropdownMenu.m */,
				B9EFCD531E14C14300961B97 /* HUMiooFirstTableViewCell.h */,
				B9EFCD541E14C14300961B97 /* HUMiooFirstTableViewCell.m */,
				B9EFCD611E14CF3500961B97 /* HUMimg */,
			);
			path = HUMiooDropdownMenu;
			sourceTree = "<group>";
		};
		B9EFCD611E14CF3500961B97 /* HUMimg */ = {
			isa = PBXGroup;
			children = (
				B9EFCD4F1E14C14300961B97 /* HUMarrowRight_btn_normal@2x.png */,
				B9EFCD501E14C14300961B97 /* HUMarrowRight_btn_normal@3x.png */,
				B9EFCD551E14C14300961B97 /* HUMSmallTriangle_btn_normal@2x.png */,
				B9EFCD561E14C14300961B97 /* HUMSmallTriangle_btn_normal@3x.png */,
				B9EFCD571E14C14300961B97 /* HUMSmallTriangle_btn_Selected@2x.png */,
				B9EFCD581E14C14300961B97 /* HUMSmallTriangle_btn_Selected@3x.png */,
			);
			name = HUMimg;
			sourceTree = "<group>";
		};
/* End PBXGroup section */

/* Begin PBXNativeTarget section */
		B9EFCD171E14C13700961B97 /* HUMiooDropdownMenu */ = {
			isa = PBXNativeTarget;
			buildConfigurationList = B9EFCD451E14C13700961B97 /* Build configuration list for PBXNativeTarget "HUMiooDropdownMenu" */;
			buildPhases = (
				B9EFCD141E14C13700961B97 /* Sources */,
				B9EFCD151E14C13700961B97 /* Frameworks */,
				B9EFCD161E14C13700961B97 /* Resources */,
			);
			buildRules = (
			);
			dependencies = (
			);
			name = HUMiooDropdownMenu;
			productName = HUMiooDropdownMenu;
			productReference = B9EFCD181E14C13700961B97 /* HUMiooDropdownMenu.app */;
			productType = "com.apple.product-type.application";
		};
		B9EFCD301E14C13700961B97 /* HUMiooDropdownMenuTests */ = {
			isa = PBXNativeTarget;
			buildConfigurationList = B9EFCD481E14C13700961B97 /* Build configuration list for PBXNativeTarget "HUMiooDropdownMenuTests" */;
			buildPhases = (
				B9EFCD2D1E14C13700961B97 /* Sources */,
				B9EFCD2E1E14C13700961B97 /* Frameworks */,
				B9EFCD2F1E14C13700961B97 /* Resources */,
			);
			buildRules = (
			);
			dependencies = (
				B9EFCD331E14C13700961B97 /* PBXTargetDependency */,
			);
			name = HUMiooDropdownMenuTests;
			productName = HUMiooDropdownMenuTests;
			productReference = B9EFCD311E14C13700961B97 /* HUMiooDropdownMenuTests.xctest */;
			productType = "com.apple.product-type.bundle.unit-test";
		};
		B9EFCD3B1E14C13700961B97 /* HUMiooDropdownMenuUITests */ = {
			isa = PBXNativeTarget;
			buildConfigurationList = B9EFCD4B1E14C13700961B97 /* Build configuration list for PBXNativeTarget "HUMiooDropdownMenuUITests" */;
			buildPhases = (
				B9EFCD381E14C13700961B97 /* Sources */,
				B9EFCD391E14C13700961B97 /* Frameworks */,
				B9EFCD3A1E14C13700961B97 /* Resources */,
			);
			buildRules = (
			);
			dependencies = (
				B9EFCD3E1E14C13700961B97 /* PBXTargetDependency */,
			);
			name = HUMiooDropdownMenuUITests;
			productName = HUMiooDropdownMenuUITests;
			productReference = B9EFCD3C1E14C13700961B97 /* HUMiooDropdownMenuUITests.xctest */;
			productType = "com.apple.product-type.bundle.ui-testing";
		};
/* End PBXNativeTarget section */

/* Begin PBXProject section */
		B9EFCD101E14C13700961B97 /* Project object */ = {
			isa = PBXProject;
			attributes = {
				LastUpgradeCheck = 0820;
				ORGANIZATIONNAME = "赵春生";
				TargetAttributes = {
					B9EFCD171E14C13700961B97 = {
						CreatedOnToolsVersion = 8.2.1;
						DevelopmentTeam = BN4S5684QZ;
						ProvisioningStyle = Automatic;
					};
					B9EFCD301E14C13700961B97 = {
						CreatedOnToolsVersion = 8.2.1;
						DevelopmentTeam = BN4S5684QZ;
						ProvisioningStyle = Automatic;
						TestTargetID = B9EFCD171E14C13700961B97;
					};
					B9EFCD3B1E14C13700961B97 = {
						CreatedOnToolsVersion = 8.2.1;
						DevelopmentTeam = BN4S5684QZ;
						ProvisioningStyle = Automatic;
						TestTargetID = B9EFCD171E14C13700961B97;
					};
				};
			};
			buildConfigurationList = B9EFCD131E14C13700961B97 /* Build configuration list for PBXProject "HUMiooDropdownMenu" */;
			compatibilityVersion = "Xcode 3.2";
			developmentRegion = English;
			hasScannedForEncodings = 0;
			knownRegions = (
				en,
				Base,
			);
			mainGroup = B9EFCD0F1E14C13700961B97;
			productRefGroup = B9EFCD191E14C13700961B97 /* Products */;
			projectDirPath = "";
			projectRoot = "";
			targets = (
				B9EFCD171E14C13700961B97 /* HUMiooDropdownMenu */,
				B9EFCD301E14C13700961B97 /* HUMiooDropdownMenuTests */,
				B9EFCD3B1E14C13700961B97 /* HUMiooDropdownMenuUITests */,
			);
		};
/* End PBXProject section */

/* Begin PBXResourcesBuildPhase section */
		B9EFCD161E14C13700961B97 /* Resources */ = {
			isa = PBXResourcesBuildPhase;
			buildActionMask = 2147483647;
			files = (
				B9EFCD601E14C14300961B97 /* HUMSmallTriangle_btn_Selected@3x.png in Resources */,
				B9EFCD2B1E14C13700961B97 /* LaunchScreen.storyboard in Resources */,
				B9EFCD5D1E14C14300961B97 /* HUMSmallTriangle_btn_normal@2x.png in Resources */,
				B9EFCD281E14C13700961B97 /* Assets.xcassets in Resources */,
				B9EFCD5A1E14C14300961B97 /* HUMarrowRight_btn_normal@3x.png in Resources */,
				B9EFCD591E14C14300961B97 /* HUMarrowRight_btn_normal@2x.png in Resources */,
				B9EFCD5F1E14C14300961B97 /* HUMSmallTriangle_btn_Selected@2x.png in Resources */,
				B9EFCD261E14C13700961B97 /* Main.storyboard in Resources */,
				B9EFCD5E1E14C14300961B97 /* HUMSmallTriangle_btn_normal@3x.png in Resources */,
			);
			runOnlyForDeploymentPostprocessing = 0;
		};
		B9EFCD2F1E14C13700961B97 /* Resources */ = {
			isa = PBXResourcesBuildPhase;
			buildActionMask = 2147483647;
			files = (
			);
			runOnlyForDeploymentPostprocessing = 0;
		};
		B9EFCD3A1E14C13700961B97 /* Resources */ = {
			isa = PBXResourcesBuildPhase;
			buildActionMask = 2147483647;
			files = (
			);
			runOnlyForDeploymentPostprocessing = 0;
		};
/* End PBXResourcesBuildPhase section */

/* Begin PBXSourcesBuildPhase section */
		B9EFCD141E14C13700961B97 /* Sources */ = {
			isa = PBXSourcesBuildPhase;
			buildActionMask = 2147483647;
			files = (
				B9EFCD231E14C13700961B97 /* ViewController.m in Sources */,
				B9EFCD201E14C13700961B97 /* AppDelegate.m in Sources */,
				B9EFCD5B1E14C14300961B97 /* HUMiooDropdownMenu.m in Sources */,
				B9EFCD1D1E14C13700961B97 /* main.m in Sources */,
				B9EFCD5C1E14C14300961B97 /* HUMiooFirstTableViewCell.m in Sources */,
			);
			runOnlyForDeploymentPostprocessing = 0;
		};
		B9EFCD2D1E14C13700961B97 /* Sources */ = {
			isa = PBXSourcesBuildPhase;
			buildActionMask = 2147483647;
			files = (
				B9EFCD361E14C13700961B97 /* HUMiooDropdownMenuTests.m in Sources */,
			);
			runOnlyForDeploymentPostprocessing = 0;
		};
		B9EFCD381E14C13700961B97 /* Sources */ = {
			isa = PBXSourcesBuildPhase;
			buildActionMask = 2147483647;
			files = (
				B9EFCD411E14C13700961B97 /* HUMiooDropdownMenuUITests.m in Sources */,
			);
			runOnlyForDeploymentPostprocessing = 0;
		};
/* End PBXSourcesBuildPhase section */

/* Begin PBXTargetDependency section */
		B9EFCD331E14C13700961B97 /* PBXTargetDependency */ = {
			isa = PBXTargetDependency;
			target = B9EFCD171E14C13700961B97 /* HUMiooDropdownMenu */;
			targetProxy = B9EFCD321E14C13700961B97 /* PBXContainerItemProxy */;
		};
		B9EFCD3E1E14C13700961B97 /* PBXTargetDependency */ = {
			isa = PBXTargetDependency;
			target = B9EFCD171E14C13700961B97 /* HUMiooDropdownMenu */;
			targetProxy = B9EFCD3D1E14C13700961B97 /* PBXContainerItemProxy */;
		};
/* End PBXTargetDependency section */

/* Begin PBXVariantGroup section */
		B9EFCD241E14C13700961B97 /* Main.storyboard */ = {
			isa = PBXVariantGroup;
			children = (
				B9EFCD251E14C13700961B97 /* Base */,
			);
			name = Main.storyboard;
			sourceTree = "<group>";
		};
		B9EFCD291E14C13700961B97 /* LaunchScreen.storyboard */ = {
			isa = PBXVariantGroup;
			children = (
				B9EFCD2A1E14C13700961B97 /* Base */,
			);
			name = LaunchScreen.storyboard;
			sourceTree = "<group>";
		};
/* End PBXVariantGroup section */

/* Begin XCBuildConfiguration section */
		B9EFCD431E14C13700961B97 /* Debug */ = {
			isa = XCBuildConfiguration;
			buildSettings = {
				ALWAYS_SEARCH_USER_PATHS = NO;
				CLANG_ANALYZER_NONNULL = YES;
				CLANG_CXX_LANGUAGE_STANDARD = "gnu++0x";
				CLANG_CXX_LIBRARY = "libc++";
				CLANG_ENABLE_MODULES = YES;
				CLANG_ENABLE_OBJC_ARC = YES;
				CLANG_WARN_BOOL_CONVERSION = YES;
				CLANG_WARN_CONSTANT_CONVERSION = YES;
				CLANG_WARN_DIRECT_OBJC_ISA_USAGE = YES_ERROR;
				CLANG_WARN_DOCUMENTATION_COMMENTS = YES;
				CLANG_WARN_EMPTY_BODY = YES;
				CLANG_WARN_ENUM_CONVERSION = YES;
				CLANG_WARN_INFINITE_RECURSION = YES;
				CLANG_WARN_INT_CONVERSION = YES;
				CLANG_WARN_OBJC_ROOT_CLASS = YES_ERROR;
				CLANG_WARN_SUSPICIOUS_MOVE = YES;
				CLANG_WARN_UNREACHABLE_CODE = YES;
				CLANG_WARN__DUPLICATE_METHOD_MATCH = YES;
				"CODE_SIGN_IDENTITY[sdk=iphoneos*]" = "iPhone Developer";
				COPY_PHASE_STRIP = NO;
				DEBUG_INFORMATION_FORMAT = dwarf;
				ENABLE_STRICT_OBJC_MSGSEND = YES;
				ENABLE_TESTABILITY = YES;
				GCC_C_LANGUAGE_STANDARD = gnu99;
				GCC_DYNAMIC_NO_PIC = NO;
				GCC_NO_COMMON_BLOCKS = YES;
				GCC_OPTIMIZATION_LEVEL = 0;
				GCC_PREPROCESSOR_DEFINITIONS = (
					"DEBUG=1",
					"$(inherited)",
				);
				GCC_WARN_64_TO_32_BIT_CONVERSION = YES;
				GCC_WARN_ABOUT_RETURN_TYPE = YES_ERROR;
				GCC_WARN_UNDECLARED_SELECTOR = YES;
				GCC_WARN_UNINITIALIZED_AUTOS = YES_AGGRESSIVE;
				GCC_WARN_UNUSED_FUNCTION = YES;
				GCC_WARN_UNUSED_VARIABLE = YES;
				IPHONEOS_DEPLOYMENT_TARGET = 10.2;
				MTL_ENABLE_DEBUG_INFO = YES;
				ONLY_ACTIVE_ARCH = YES;
				SDKROOT = iphoneos;
			};
			name = Debug;
		};
		B9EFCD441E14C13700961B97 /* Release */ = {
			isa = XCBuildConfiguration;
			buildSettings = {
				ALWAYS_SEARCH_USER_PATHS = NO;
				CLANG_ANALYZER_NONNULL = YES;
				CLANG_CXX_LANGUAGE_STANDARD = "gnu++0x";
				CLANG_CXX_LIBRARY = "libc++";
				CLANG_ENABLE_MODULES = YES;
				CLANG_ENABLE_OBJC_ARC = YES;
				CLANG_WARN_BOOL_CONVERSION = YES;
				CLANG_WARN_CONSTANT_CONVERSION = YES;
				CLANG_WARN_DIRECT_OBJC_ISA_USAGE = YES_ERROR;
				CLANG_WARN_DOCUMENTATION_COMMENTS = YES;
				CLANG_WARN_EMPTY_BODY = YES;
				CLANG_WARN_ENUM_CONVERSION = YES;
				CLANG_WARN_INFINITE_RECURSION = YES;
				CLANG_WARN_INT_CONVERSION = YES;
				CLANG_WARN_OBJC_ROOT_CLASS = YES_ERROR;
				CLANG_WARN_SUSPICIOUS_MOVE = YES;
				CLANG_WARN_UNREACHABLE_CODE = YES;
				CLANG_WARN__DUPLICATE_METHOD_MATCH = YES;
				"CODE_SIGN_IDENTITY[sdk=iphoneos*]" = "iPhone Developer";
				COPY_PHASE_STRIP = NO;
				DEBUG_INFORMATION_FORMAT = "dwarf-with-dsym";
				ENABLE_NS_ASSERTIONS = NO;
				ENABLE_STRICT_OBJC_MSGSEND = YES;
				GCC_C_LANGUAGE_STANDARD = gnu99;
				GCC_NO_COMMON_BLOCKS = YES;
				GCC_WARN_64_TO_32_BIT_CONVERSION = YES;
				GCC_WARN_ABOUT_RETURN_TYPE = YES_ERROR;
				GCC_WARN_UNDECLARED_SELECTOR = YES;
				GCC_WARN_UNINITIALIZED_AUTOS = YES_AGGRESSIVE;
				GCC_WARN_UNUSED_FUNCTION = YES;
				GCC_WARN_UNUSED_VARIABLE = YES;
				IPHONEOS_DEPLOYMENT_TARGET = 10.2;
				MTL_ENABLE_DEBUG_INFO = NO;
				SDKROOT = iphoneos;
				VALIDATE_PRODUCT = YES;
			};
			name = Release;
		};
		B9EFCD461E14C13700961B97 /* Debug */ = {
			isa = XCBuildConfiguration;
			buildSettings = {
				ASSETCATALOG_COMPILER_APPICON_NAME = AppIcon;
				DEVELOPMENT_TEAM = BN4S5684QZ;
				INFOPLIST_FILE = HUMiooDropdownMenu/Info.plist;
				LD_RUNPATH_SEARCH_PATHS = "$(inherited) @executable_path/Frameworks";
				PRODUCT_BUNDLE_IDENTIFIER = cs.zhao.HUMiooDropdownMenu;
				PRODUCT_NAME = "$(TARGET_NAME)";
			};
			name = Debug;
		};
		B9EFCD471E14C13700961B97 /* Release */ = {
			isa = XCBuildConfiguration;
			buildSettings = {
				ASSETCATALOG_COMPILER_APPICON_NAME = AppIcon;
				DEVELOPMENT_TEAM = BN4S5684QZ;
				INFOPLIST_FILE = HUMiooDropdownMenu/Info.plist;
				LD_RUNPATH_SEARCH_PATHS = "$(inherited) @executable_path/Frameworks";
				PRODUCT_BUNDLE_IDENTIFIER = cs.zhao.HUMiooDropdownMenu;
				PRODUCT_NAME = "$(TARGET_NAME)";
			};
			name = Release;
		};
		B9EFCD491E14C13700961B97 /* Debug */ = {
			isa = XCBuildConfiguration;
			buildSettings = {
				BUNDLE_LOADER = "$(TEST_HOST)";
				DEVELOPMENT_TEAM = BN4S5684QZ;
				INFOPLIST_FILE = HUMiooDropdownMenuTests/Info.plist;
				LD_RUNPATH_SEARCH_PATHS = "$(inherited) @executable_path/Frameworks @loader_path/Frameworks";
				PRODUCT_BUNDLE_IDENTIFIER = cs.zhao.HUMiooDropdownMenuTests;
				PRODUCT_NAME = "$(TARGET_NAME)";
				TEST_HOST = "$(BUILT_PRODUCTS_DIR)/HUMiooDropdownMenu.app/HUMiooDropdownMenu";
			};
			name = Debug;
		};
		B9EFCD4A1E14C13700961B97 /* Release */ = {
			isa = XCBuildConfiguration;
			buildSettings = {
				BUNDLE_LOADER = "$(TEST_HOST)";
				DEVELOPMENT_TEAM = BN4S5684QZ;
				INFOPLIST_FILE = HUMiooDropdownMenuTests/Info.plist;
				LD_RUNPATH_SEARCH_PATHS = "$(inherited) @executable_path/Frameworks @loader_path/Frameworks";
				PRODUCT_BUNDLE_IDENTIFIER = cs.zhao.HUMiooDropdownMenuTests;
				PRODUCT_NAME = "$(TARGET_NAME)";
				TEST_HOST = "$(BUILT_PRODUCTS_DIR)/HUMiooDropdownMenu.app/HUMiooDropdownMenu";
			};
			name = Release;
		};
		B9EFCD4C1E14C13700961B97 /* Debug */ = {
			isa = XCBuildConfiguration;
			buildSettings = {
				DEVELOPMENT_TEAM = BN4S5684QZ;
				INFOPLIST_FILE = HUMiooDropdownMenuUITests/Info.plist;
				LD_RUNPATH_SEARCH_PATHS = "$(inherited) @executable_path/Frameworks @loader_path/Frameworks";
				PRODUCT_BUNDLE_IDENTIFIER = cs.zhao.HUMiooDropdownMenuUITests;
				PRODUCT_NAME = "$(TARGET_NAME)";
				TEST_TARGET_NAME = HUMiooDropdownMenu;
			};
			name = Debug;
		};
		B9EFCD4D1E14C13700961B97 /* Release */ = {
			isa = XCBuildConfiguration;
			buildSettings = {
				DEVELOPMENT_TEAM = BN4S5684QZ;
				INFOPLIST_FILE = HUMiooDropdownMenuUITests/Info.plist;
				LD_RUNPATH_SEARCH_PATHS = "$(inherited) @executable_path/Frameworks @loader_path/Frameworks";
				PRODUCT_BUNDLE_IDENTIFIER = cs.zhao.HUMiooDropdownMenuUITests;
				PRODUCT_NAME = "$(TARGET_NAME)";
				TEST_TARGET_NAME = HUMiooDropdownMenu;
			};
			name = Release;
		};
/* End XCBuildConfiguration section */

/* Begin XCConfigurationList section */
		B9EFCD131E14C13700961B97 /* Build configuration list for PBXProject "HUMiooDropdownMenu" */ = {
			isa = XCConfigurationList;
			buildConfigurations = (
				B9EFCD431E14C13700961B97 /* Debug */,
				B9EFCD441E14C13700961B97 /* Release */,
			);
			defaultConfigurationIsVisible = 0;
			defaultConfigurationName = Release;
		};
		B9EFCD451E14C13700961B97 /* Build configuration list for PBXNativeTarget "HUMiooDropdownMenu" */ = {
			isa = XCConfigurationList;
			buildConfigurations = (
				B9EFCD461E14C13700961B97 /* Debug */,
				B9EFCD471E14C13700961B97 /* Release */,
			);
			defaultConfigurationIsVisible = 0;
			defaultConfigurationName = Release;
		};
		B9EFCD481E14C13700961B97 /* Build configuration list for PBXNativeTarget "HUMiooDropdownMenuTests" */ = {
			isa = XCConfigurationList;
			buildConfigurations = (
				B9EFCD491E14C13700961B97 /* Debug */,
				B9EFCD4A1E14C13700961B97 /* Release */,
			);
			defaultConfigurationIsVisible = 0;
			defaultConfigurationName = Release;
		};
		B9EFCD4B1E14C13700961B97 /* Build configuration list for PBXNativeTarget "HUMiooDropdownMenuUITests" */ = {
			isa = XCConfigurationList;
			buildConfigurations = (
				B9EFCD4C1E14C13700961B97 /* Debug */,
				B9EFCD4D1E14C13700961B97 /* Release */,
			);
			defaultConfigurationIsVisible = 0;
			defaultConfigurationName = Release;
		};
/* End XCConfigurationList section */
	};
	rootObject = B9EFCD101E14C13700961B97 /* Project object */;
}
